
Microsoft Visual Studio Solution File, Format Version 12.00
# Visual Studio Version 16
VisualStudioVersion = 16.0.31729.503
MinimumVisualStudioVersion = 10.0.40219.1
Project("{00D1A9C2-B5F0-4AF3-8072-F6C62B433612}") = "sqlserverdatabase", "sqlserverdatabase\sqlserverdatabase.sqlproj", "{E6FF9EEB-C80A-46C5-A132-CE344A681D30}"
EndProject
Global
	GlobalSection(SolutionConfigurationPlatforms) = preSolution
		Debug|Any CPU = Debug|Any CPU
		Release|Any CPU = Release|Any CPU
	EndGlobalSection
	GlobalSection(ProjectConfigurationPlatforms) = postSolution
		{E6FF9EEB-C80A-46C5-A132-CE344A681D30}.Debug|Any CPU.ActiveCfg = Debug|Any CPU
		{E6FF9EEB-C80A-46C5-A132-CE344A681D30}.Debug|Any CPU.Build.0 = Debug|Any CPU
		{E6FF9EEB-C80A-46C5-A132-CE344A681D30}.Debug|Any CPU.Deploy.0 = Debug|Any CPU
		{E6FF9EEB-C80A-46C5-A132-CE344A681D30}.Release|Any CPU.ActiveCfg = Release|Any CPU
		{E6FF9EEB-C80A-46C5-A132-CE344A681D30}.Release|Any CPU.Build.0 = Release|Any CPU
		{E6FF9EEB-C80A-46C5-A132-CE344A681D30}.Release|Any CPU.Deploy.0 = Release|Any CPU
	EndGlobalSection
	GlobalSection(SolutionProperties) = preSolution
		HideSolutionNode = FALSE
	EndGlobalSection
	GlobalSection(ExtensibilityGlobals) = postSolution
		SolutionGuid = {9047E905-6CCC-410A-BB54-36605A2E1FB1}
	EndGlobalSection
EndGlobal
